
Microsoft Visual Studio Solution File, Format Version 12.00
# Visual Studio Version 17
VisualStudioVersion = 17.14.36203.30
MinimumVisualStudioVersion = 10.0.40219.1
Project("{FAE04EC0-301F-11D3-BF4B-00C04F79EFBC}") = "NovaVersaoCentralDocs", "NovaVersaoCentralDocs.csproj", "{87EA742B-00F9-4E2E-80A1-83F189CA87F0}"
EndProject
Global
	GlobalSection(SolutionConfigurationPlatforms) = preSolution
		Debug|Any CPU = Debug|Any CPU
		Release|Any CPU = Release|Any CPU
	EndGlobalSection
	GlobalSection(ProjectConfigurationPlatforms) = postSolution
		{87EA742B-00F9-4E2E-80A1-83F189CA87F0}.Debug|Any CPU.ActiveCfg = Debug|Any CPU
		{87EA742B-00F9-4E2E-80A1-83F189CA87F0}.Debug|Any CPU.Build.0 = Debug|Any CPU
		{87EA742B-00F9-4E2E-80A1-83F189CA87F0}.Release|Any CPU.ActiveCfg = Release|Any CPU
		{87EA742B-00F9-4E2E-80A1-83F189CA87F0}.Release|Any CPU.Build.0 = Release|Any CPU
	EndGlobalSection
	GlobalSection(SolutionProperties) = preSolution
		HideSolutionNode = FALSE
	EndGlobalSection
	GlobalSection(ExtensibilityGlobals) = postSolution
		SolutionGuid = {AA811393-387A-4A08-8B33-37DE4237C5CC}
	EndGlobalSection
EndGlobal
